
Microsoft Visual Studio Solution File, Format Version 12.00
# Visual Studio Version 16
VisualStudioVersion = 16.0.30114.105
MinimumVisualStudioVersion = 10.0.40219.1
Project("{9A19103F-16F7-4668-BE54-9A1E7A4F7556}") = "myScriptureJournal", "myScriptureJournal\myScriptureJournal.csproj", "{384CABA6-F277-42FE-981F-D84498BB8A99}"
EndProject
Global
	GlobalSection(SolutionConfigurationPlatforms) = preSolution
		Debug|Any CPU = Debug|Any CPU
		Release|Any CPU = Release|Any CPU
	EndGlobalSection
	GlobalSection(ProjectConfigurationPlatforms) = postSolution
		{384CABA6-F277-42FE-981F-D84498BB8A99}.Debug|Any CPU.ActiveCfg = Debug|Any CPU
		{384CABA6-F277-42FE-981F-D84498BB8A99}.Debug|Any CPU.Build.0 = Debug|Any CPU
		{384CABA6-F277-42FE-981F-D84498BB8A99}.Release|Any CPU.ActiveCfg = Release|Any CPU
		{384CABA6-F277-42FE-981F-D84498BB8A99}.Release|Any CPU.Build.0 = Release|Any CPU
	EndGlobalSection
	GlobalSection(SolutionProperties) = preSolution
		HideSolutionNode = FALSE
	EndGlobalSection
	GlobalSection(ExtensibilityGlobals) = postSolution
		SolutionGuid = {88A66F2A-AB9C-4B19-9A1A-B515DF78497A}
	EndGlobalSection
EndGlobal
