
Microsoft Visual Studio Solution File, Format Version 12.00
# Visual Studio Version 16
VisualStudioVersion = 16.0.30011.22
MinimumVisualStudioVersion = 10.0.40219.1
Project("{FAE04EC0-301F-11D3-BF4B-00C04F79EFBC}") = "timemath", "timemath.csproj", "{60A43D10-6285-4DB0-947A-9F41E0DB53AF}"
EndProject
Global
	GlobalSection(SolutionConfigurationPlatforms) = preSolution
		Debug|Any CPU = Debug|Any CPU
		Release|Any CPU = Release|Any CPU
	EndGlobalSection
	GlobalSection(ProjectConfigurationPlatforms) = postSolution
		{60A43D10-6285-4DB0-947A-9F41E0DB53AF}.Debug|Any CPU.ActiveCfg = Debug|Any CPU
		{60A43D10-6285-4DB0-947A-9F41E0DB53AF}.Debug|Any CPU.Build.0 = Debug|Any CPU
		{60A43D10-6285-4DB0-947A-9F41E0DB53AF}.Release|Any CPU.ActiveCfg = Release|Any CPU
		{60A43D10-6285-4DB0-947A-9F41E0DB53AF}.Release|Any CPU.Build.0 = Release|Any CPU
	EndGlobalSection
	GlobalSection(SolutionProperties) = preSolution
		HideSolutionNode = FALSE
	EndGlobalSection
	GlobalSection(ExtensibilityGlobals) = postSolution
		SolutionGuid = {357FF1B1-E80C-4B3F-83DD-13BC3C839E2E}
	EndGlobalSection
EndGlobal
